
Microsoft Visual Studio Solution File, Format Version 12.00
# Visual Studio 14
VisualStudioVersion = 14.0.25420.1
MinimumVisualStudioVersion = 10.0.40219.1
Project("{FAE04EC0-301F-11D3-BF4B-00C04F79EFBC}") = "MindBlown.Core", "MindBlown\MindBlown.Core.csproj", "{26DADD3F-EBAC-4FF4-A0D0-91EF3191AEEF}"
EndProject
Project("{2150E333-8FDC-42A3-9474-1A3956D46DE8}") = ".tests", ".tests", "{09C03C4C-DAE7-4A8B-B9E0-185D6B7958BA}"
EndProject
Project("{FAE04EC0-301F-11D3-BF4B-00C04F79EFBC}") = "Mindblown.Tests", "Mindblown.Tests\Mindblown.Tests.csproj", "{6A450950-9806-49CD-ABA8-060EEB5CDA47}"
EndProject
Project("{FAE04EC0-301F-11D3-BF4B-00C04F79EFBC}") = "Console", "Console\Console.csproj", "{C7BD249E-BFC6-4777-B031-6C898D26B205}"
EndProject
Project("{FAE04EC0-301F-11D3-BF4B-00C04F79EFBC}") = "MindBlown.Derive", "MindBlown.Derive\MindBlown.Derive.csproj", "{07E96CEE-DCB4-489D-B30D-285E6F61822F}"
EndProject
Project("{FAE04EC0-301F-11D3-BF4B-00C04F79EFBC}") = "Mindblown.DeriveTests", "Mindblown.DeriveTests\Mindblown.DeriveTests.csproj", "{B15BD2E1-204E-4E4A-BFC5-70817E841BA6}"
EndProject
Global
	GlobalSection(SolutionConfigurationPlatforms) = preSolution
		Debug|Any CPU = Debug|Any CPU
		Release|Any CPU = Release|Any CPU
	EndGlobalSection
	GlobalSection(ProjectConfigurationPlatforms) = postSolution
		{26DADD3F-EBAC-4FF4-A0D0-91EF3191AEEF}.Debug|Any CPU.ActiveCfg = Debug|Any CPU
		{26DADD3F-EBAC-4FF4-A0D0-91EF3191AEEF}.Debug|Any CPU.Build.0 = Debug|Any CPU
		{26DADD3F-EBAC-4FF4-A0D0-91EF3191AEEF}.Release|Any CPU.ActiveCfg = Release|Any CPU
		{26DADD3F-EBAC-4FF4-A0D0-91EF3191AEEF}.Release|Any CPU.Build.0 = Release|Any CPU
		{6A450950-9806-49CD-ABA8-060EEB5CDA47}.Debug|Any CPU.ActiveCfg = Debug|Any CPU
		{6A450950-9806-49CD-ABA8-060EEB5CDA47}.Debug|Any CPU.Build.0 = Debug|Any CPU
		{6A450950-9806-49CD-ABA8-060EEB5CDA47}.Release|Any CPU.ActiveCfg = Release|Any CPU
		{6A450950-9806-49CD-ABA8-060EEB5CDA47}.Release|Any CPU.Build.0 = Release|Any CPU
		{C7BD249E-BFC6-4777-B031-6C898D26B205}.Debug|Any CPU.ActiveCfg = Debug|Any CPU
		{C7BD249E-BFC6-4777-B031-6C898D26B205}.Debug|Any CPU.Build.0 = Debug|Any CPU
		{C7BD249E-BFC6-4777-B031-6C898D26B205}.Release|Any CPU.ActiveCfg = Release|Any CPU
		{C7BD249E-BFC6-4777-B031-6C898D26B205}.Release|Any CPU.Build.0 = Release|Any CPU
		{07E96CEE-DCB4-489D-B30D-285E6F61822F}.Debug|Any CPU.ActiveCfg = Debug|Any CPU
		{07E96CEE-DCB4-489D-B30D-285E6F61822F}.Debug|Any CPU.Build.0 = Debug|Any CPU
		{07E96CEE-DCB4-489D-B30D-285E6F61822F}.Release|Any CPU.ActiveCfg = Release|Any CPU
		{07E96CEE-DCB4-489D-B30D-285E6F61822F}.Release|Any CPU.Build.0 = Release|Any CPU
		{B15BD2E1-204E-4E4A-BFC5-70817E841BA6}.Debug|Any CPU.ActiveCfg = Debug|Any CPU
		{B15BD2E1-204E-4E4A-BFC5-70817E841BA6}.Debug|Any CPU.Build.0 = Debug|Any CPU
		{B15BD2E1-204E-4E4A-BFC5-70817E841BA6}.Release|Any CPU.ActiveCfg = Release|Any CPU
		{B15BD2E1-204E-4E4A-BFC5-70817E841BA6}.Release|Any CPU.Build.0 = Release|Any CPU
	EndGlobalSection
	GlobalSection(SolutionProperties) = preSolution
		HideSolutionNode = FALSE
	EndGlobalSection
	GlobalSection(NestedProjects) = preSolution
		{6A450950-9806-49CD-ABA8-060EEB5CDA47} = {09C03C4C-DAE7-4A8B-B9E0-185D6B7958BA}
		{B15BD2E1-204E-4E4A-BFC5-70817E841BA6} = {09C03C4C-DAE7-4A8B-B9E0-185D6B7958BA}
	EndGlobalSection
EndGlobal
